
Microsoft Visual Studio Solution File, Format Version 12.00
# Visual Studio Express 15 for Windows Desktop
VisualStudioVersion = 15.0.34031.82
MinimumVisualStudioVersion = 10.0.40219.1
Project("{FAE04EC0-301F-11D3-BF4B-00C04F79EFBC}") = "NC axis display appli", "NC axis display appli\NC axis display appli.csproj", "{920F13D1-9215-41DB-B934-5E857D5473EB}"
EndProject
Global
	GlobalSection(SolutionConfigurationPlatforms) = preSolution
		Debug|Any CPU = Debug|Any CPU
		Release|Any CPU = Release|Any CPU
	EndGlobalSection
	GlobalSection(ProjectConfigurationPlatforms) = postSolution
		{920F13D1-9215-41DB-B934-5E857D5473EB}.Debug|Any CPU.ActiveCfg = Debug|Any CPU
		{920F13D1-9215-41DB-B934-5E857D5473EB}.Debug|Any CPU.Build.0 = Debug|Any CPU
		{920F13D1-9215-41DB-B934-5E857D5473EB}.Release|Any CPU.ActiveCfg = Release|Any CPU
		{920F13D1-9215-41DB-B934-5E857D5473EB}.Release|Any CPU.Build.0 = Release|Any CPU
	EndGlobalSection
	GlobalSection(SolutionProperties) = preSolution
		HideSolutionNode = FALSE
	EndGlobalSection
	GlobalSection(ExtensibilityGlobals) = postSolution
		SolutionGuid = {C0ED24EC-A1BC-49FB-A0C7-9879D29FC180}
	EndGlobalSection
EndGlobal
